
Microsoft Visual Studio Solution File, Format Version 12.00
# Visual Studio Version 17
VisualStudioVersion = 17.0.31919.166
MinimumVisualStudioVersion = 10.0.40219.1
Project("{FAE04EC0-301F-11D3-BF4B-00C04F79EFBC}") = "HR_Department", "HR_Department.csproj", "{300E12C2-161E-4B59-B321-A2B80ADFE2CA}"
EndProject
Global
	GlobalSection(SolutionConfigurationPlatforms) = preSolution
		Debug|Any CPU = Debug|Any CPU
		Release|Any CPU = Release|Any CPU
	EndGlobalSection
	GlobalSection(ProjectConfigurationPlatforms) = postSolution
		{300E12C2-161E-4B59-B321-A2B80ADFE2CA}.Debug|Any CPU.ActiveCfg = Debug|Any CPU
		{300E12C2-161E-4B59-B321-A2B80ADFE2CA}.Debug|Any CPU.Build.0 = Debug|Any CPU
		{300E12C2-161E-4B59-B321-A2B80ADFE2CA}.Release|Any CPU.ActiveCfg = Release|Any CPU
		{300E12C2-161E-4B59-B321-A2B80ADFE2CA}.Release|Any CPU.Build.0 = Release|Any CPU
	EndGlobalSection
	GlobalSection(SolutionProperties) = preSolution
		HideSolutionNode = FALSE
	EndGlobalSection
	GlobalSection(ExtensibilityGlobals) = postSolution
		SolutionGuid = {50BF195F-2574-4D2F-A23C-E30A6BAE48E3}
	EndGlobalSection
EndGlobal
